// !$*UTF8*$!
{
	archiveVersion = 1;
	classes = {
	};
	objectVersion = 46;
	objects = {

/* Begin PBXBuildFile section */
		EF186FD118C4DDCF00224917 /* TimerTasksTableViewController.m in Sources */ = {isa = PBXBuildFile; fileRef = EF186FD018C4DDCF00224917 /* TimerTasksTableViewController.m */; };
		EF186FD418C4EF0A00224917 /* TaskTimerViewController.m in Sources */ = {isa = PBXBuildFile; fileRef = EF186FD318C4EF0A00224917 /* TaskTimerViewController.m */; };
		EF4FFCFF188FE2EA002A1B01 /* RepositoryTests.m in Sources */ = {isa = PBXBuildFile; fileRef = EF4FFCFE188FE2EA002A1B01 /* RepositoryTests.m */; };
		EF4FFD0418903509002A1B01 /* play-icon.png in Resources */ = {isa = PBXBuildFile; fileRef = EF4FFD0318903509002A1B01 /* play-icon.png */; };
		EF4FFD0618903522002A1B01 /* stop-icon.png in Resources */ = {isa = PBXBuildFile; fileRef = EF4FFD0518903522002A1B01 /* stop-icon.png */; };
		EF589C69188EE2B500D3E4BA /* SettingsTests.m in Sources */ = {isa = PBXBuildFile; fileRef = EF589C68188EE2B500D3E4BA /* SettingsTests.m */; };
		EF589C6B188F0D6700D3E4BA /* Warning.ico in Resources */ = {isa = PBXBuildFile; fileRef = EF589C6A188F0D6700D3E4BA /* Warning.ico */; };
		EF871E7A188D8B9500D54493 /* Repository.m in Sources */ = {isa = PBXBuildFile; fileRef = EF871E79188D8B9500D54493 /* Repository.m */; };
		EF871E7D188D8D2200D54493 /* Settings.m in Sources */ = {isa = PBXBuildFile; fileRef = EF871E7C188D8D2200D54493 /* Settings.m */; };
		EF871E7F188D906000D54493 /* libsqlite3.dylib in Frameworks */ = {isa = PBXBuildFile; fileRef = EF871E7E188D906000D54493 /* libsqlite3.dylib */; };
		EF924E2D188D30670091426C /* logoJIRA.png in Resources */ = {isa = PBXBuildFile; fileRef = EF924E2C188D30670091426C /* logoJIRA.png */; };
		EF924E2F188D328C0091426C /* harvest-logo-capsule-600px.png in Resources */ = {isa = PBXBuildFile; fileRef = EF924E2E188D328C0091426C /* harvest-logo-capsule-600px.png */; };
		EF924E32188D343B0091426C /* JiraSettingsTableViewController.m in Sources */ = {isa = PBXBuildFile; fileRef = EF924E31188D343B0091426C /* JiraSettingsTableViewController.m */; };
		EF9E21EF1884760700A68FD5 /* UIKit.framework in Frameworks */ = {isa = PBXBuildFile; fileRef = EF9E21EE1884760700A68FD5 /* UIKit.framework */; };
		EF9E21F11884760700A68FD5 /* Foundation.framework in Frameworks */ = {isa = PBXBuildFile; fileRef = EF9E21F01884760700A68FD5 /* Foundation.framework */; };
		EF9E21F31884760700A68FD5 /* CoreGraphics.framework in Frameworks */ = {isa = PBXBuildFile; fileRef = EF9E21F21884760700A68FD5 /* CoreGraphics.framework */; };
		EF9E21F91884760700A68FD5 /* InfoPlist.strings in Resources */ = {isa = PBXBuildFile; fileRef = EF9E21F71884760700A68FD5 /* InfoPlist.strings */; };
		EF9E21FB1884760700A68FD5 /* main.m in Sources */ = {isa = PBXBuildFile; fileRef = EF9E21FA1884760700A68FD5 /* main.m */; };
		EF9E21FF1884760700A68FD5 /* spaarksAppDelegate.m in Sources */ = {isa = PBXBuildFile; fileRef = EF9E21FE1884760700A68FD5 /* spaarksAppDelegate.m */; };
		EF9E22011884760700A68FD5 /* Default.png in Resources */ = {isa = PBXBuildFile; fileRef = EF9E22001884760700A68FD5 /* Default.png */; };
		EF9E22031884760700A68FD5 /* Default@2x.png in Resources */ = {isa = PBXBuildFile; fileRef = EF9E22021884760700A68FD5 /* Default@2x.png */; };
		EF9E22051884760700A68FD5 /* Default-568h@2x.png in Resources */ = {isa = PBXBuildFile; fileRef = EF9E22041884760700A68FD5 /* Default-568h@2x.png */; };
		EF9E22081884760700A68FD5 /* MainStoryboard_iPhone.storyboard in Resources */ = {isa = PBXBuildFile; fileRef = EF9E22061884760700A68FD5 /* MainStoryboard_iPhone.storyboard */; };
		EF9E220B1884760700A68FD5 /* MainStoryboard_iPad.storyboard in Resources */ = {isa = PBXBuildFile; fileRef = EF9E22091884760700A68FD5 /* MainStoryboard_iPad.storyboard */; };
		EF9E22161884760700A68FD5 /* SenTestingKit.framework in Frameworks */ = {isa = PBXBuildFile; fileRef = EF9E22151884760700A68FD5 /* SenTestingKit.framework */; };
		EF9E22171884760700A68FD5 /* UIKit.framework in Frameworks */ = {isa = PBXBuildFile; fileRef = EF9E21EE1884760700A68FD5 /* UIKit.framework */; };
		EF9E22181884760700A68FD5 /* Foundation.framework in Frameworks */ = {isa = PBXBuildFile; fileRef = EF9E21F01884760700A68FD5 /* Foundation.framework */; };
		EF9E22201884760700A68FD5 /* InfoPlist.strings in Resources */ = {isa = PBXBuildFile; fileRef = EF9E221E1884760700A68FD5 /* InfoPlist.strings */; };
		EF9E22231884760700A68FD5 /* HelperTests.m in Sources */ = {isa = PBXBuildFile; fileRef = EF9E22221884760700A68FD5 /* HelperTests.m */; };
		EF9E223B1884768D00A68FD5 /* JIRATaskParser.m in Sources */ = {isa = PBXBuildFile; fileRef = EF9E22311884768D00A68FD5 /* JIRATaskParser.m */; };
		EF9E223C1884768D00A68FD5 /* TaskParser.m in Sources */ = {isa = PBXBuildFile; fileRef = EF9E22341884768D00A68FD5 /* TaskParser.m */; };
		EF9E223F1884768D00A68FD5 /* WorkTimerTask.m in Sources */ = {isa = PBXBuildFile; fileRef = EF9E223A1884768D00A68FD5 /* WorkTimerTask.m */; };
		EFA9AFF61884829A0091EDB1 /* FakeProjectRepository.m in Sources */ = {isa = PBXBuildFile; fileRef = EFA9AFF51884829A0091EDB1 /* FakeProjectRepository.m */; };
		EFA9AFF918849FF00091EDB1 /* ButtonGridViewController.m in Sources */ = {isa = PBXBuildFile; fileRef = EFA9AFF818849FF00091EDB1 /* ButtonGridViewController.m */; };
		EFA9AFFC1884A0B00091EDB1 /* ButtonGridCell.m in Sources */ = {isa = PBXBuildFile; fileRef = EFA9AFFB1884A0B00091EDB1 /* ButtonGridCell.m */; };
		EFBFF84E18D211F80014725E /* IPhoneEditWorkLogViewController.m in Sources */ = {isa = PBXBuildFile; fileRef = EFBFF84D18D211F70014725E /* IPhoneEditWorkLogViewController.m */; };
		EFC470D318871B0F00FE9C75 /* ClockView.m in Sources */ = {isa = PBXBuildFile; fileRef = EFC470D218871B0F00FE9C75 /* ClockView.m */; };
		EFC470D718872F8600FE9C75 /* Helpers.m in Sources */ = {isa = PBXBuildFile; fileRef = EFC470D618872F8600FE9C75 /* Helpers.m */; };
		EFC992AE18A97E040028F367 /* WorkTimerTaskTests.m in Sources */ = {isa = PBXBuildFile; fileRef = EFC992AD18A97E040028F367 /* WorkTimerTaskTests.m */; };
		EFD733A018D4BA0600A243A5 /* Clock.png in Resources */ = {isa = PBXBuildFile; fileRef = EFD7339F18D4BA0600A243A5 /* Clock.png */; };
		EFDC8D6A189AB81C00A27D47 /* EditWorkLogViewController.m in Sources */ = {isa = PBXBuildFile; fileRef = EFDC8D69189AB81C00A27D47 /* EditWorkLogViewController.m */; };
		EFF6505D18BE93680004D881 /* countries.plist in Resources */ = {isa = PBXBuildFile; fileRef = EFF6505C18BE93680004D881 /* countries.plist */; };
/* End PBXBuildFile section */

/* Begin PBXContainerItemProxy section */
		EF9E22191884760700A68FD5 /* PBXContainerItemProxy */ = {
			isa = PBXContainerItemProxy;
			containerPortal = EF9E21E31884760700A68FD5 /* Project object */;
			proxyType = 1;
			remoteGlobalIDString = EF9E21EA1884760700A68FD5;
			remoteInfo = WorkTimer;
		};
/* End PBXContainerItemProxy section */

/* Begin PBXFileReference section */
		EF186FCF18C4DDCE00224917 /* TimerTasksTableViewController.h */ = {isa = PBXFileReference; fileEncoding = 4; lastKnownFileType = sourcecode.c.h; path = TimerTasksTableViewController.h; sourceTree = "<group>"; };
		EF186FD018C4DDCF00224917 /* TimerTasksTableViewController.m */ = {isa = PBXFileReference; fileEncoding = 4; lastKnownFileType = sourcecode.c.objc; path = TimerTasksTableViewController.m; sourceTree = "<group>"; };
		EF186FD218C4EF0A00224917 /* TaskTimerViewController.h */ = {isa = PBXFileReference; fileEncoding = 4; lastKnownFileType = sourcecode.c.h; path = TaskTimerViewController.h; sourceTree = "<group>"; };
		EF186FD318C4EF0A00224917 /* TaskTimerViewController.m */ = {isa = PBXFileReference; fileEncoding = 4; lastKnownFileType = sourcecode.c.objc; path = TaskTimerViewController.m; sourceTree = "<group>"; };
		EF21E3D51891810500A81347 /* ProtocolButtonClickedInCellDelegate.h */ = {isa = PBXFileReference; fileEncoding = 4; lastKnownFileType = sourcecode.c.h; path = ProtocolButtonClickedInCellDelegate.h; sourceTree = "<group>"; };
		EF4FFCFD188FE2EA002A1B01 /* RepositoryTests.h */ = {isa = PBXFileReference; fileEncoding = 4; lastKnownFileType = sourcecode.c.h; path = RepositoryTests.h; sourceTree = "<group>"; };
		EF4FFCFE188FE2EA002A1B01 /* RepositoryTests.m */ = {isa = PBXFileReference; fileEncoding = 4; lastKnownFileType = sourcecode.c.objc; path = RepositoryTests.m; sourceTree = "<group>"; };
		EF4FFD0018902F45002A1B01 /* ProtocolTaskParserDelegate.h */ = {isa = PBXFileReference; fileEncoding = 4; lastKnownFileType = sourcecode.c.h; path = ProtocolTaskParserDelegate.h; sourceTree = "<group>"; };
		EF4FFD0318903509002A1B01 /* play-icon.png */ = {isa = PBXFileReference; lastKnownFileType = image.png; path = "play-icon.png"; sourceTree = "<group>"; };
		EF4FFD0518903522002A1B01 /* stop-icon.png */ = {isa = PBXFileReference; lastKnownFileType = image.png; path = "stop-icon.png"; sourceTree = "<group>"; };
		EF589C67188EE2B500D3E4BA /* SettingsTests.h */ = {isa = PBXFileReference; fileEncoding = 4; lastKnownFileType = sourcecode.c.h; path = SettingsTests.h; sourceTree = "<group>"; };
		EF589C68188EE2B500D3E4BA /* SettingsTests.m */ = {isa = PBXFileReference; fileEncoding = 4; lastKnownFileType = sourcecode.c.objc; path = SettingsTests.m; sourceTree = "<group>"; };
		EF589C6A188F0D6700D3E4BA /* Warning.ico */ = {isa = PBXFileReference; lastKnownFileType = image.ico; path = Warning.ico; sourceTree = "<group>"; };
		EF5C0450189D50FB006D8084 /* ProtocolEditWorkLogButtonClicked.h */ = {isa = PBXFileReference; lastKnownFileType = sourcecode.c.h; path = ProtocolEditWorkLogButtonClicked.h; sourceTree = "<group>"; };
		EF871E78188D8B9500D54493 /* Repository.h */ = {isa = PBXFileReference; fileEncoding = 4; lastKnownFileType = sourcecode.c.h; path = Repository.h; sourceTree = "<group>"; };
		EF871E79188D8B9500D54493 /* Repository.m */ = {isa = PBXFileReference; fileEncoding = 4; lastKnownFileType = sourcecode.c.objc; path = Repository.m; sourceTree = "<group>"; };
		EF871E7B188D8D2200D54493 /* Settings.h */ = {isa = PBXFileReference; fileEncoding = 4; lastKnownFileType = sourcecode.c.h; path = Settings.h; sourceTree = "<group>"; };
		EF871E7C188D8D2200D54493 /* Settings.m */ = {isa = PBXFileReference; fileEncoding = 4; lastKnownFileType = sourcecode.c.objc; path = Settings.m; sourceTree = "<group>"; };
		EF871E7E188D906000D54493 /* libsqlite3.dylib */ = {isa = PBXFileReference; lastKnownFileType = "compiled.mach-o.dylib"; name = libsqlite3.dylib; path = usr/lib/libsqlite3.dylib; sourceTree = SDKROOT; };
		EF924E28188AD5430091426C /* ButtonGridViewController.h */ = {isa = PBXFileReference; fileEncoding = 4; lastKnownFileType = sourcecode.c.h; path = ButtonGridViewController.h; sourceTree = "<group>"; };
		EF924E2C188D30670091426C /* logoJIRA.png */ = {isa = PBXFileReference; lastKnownFileType = image.png; path = logoJIRA.png; sourceTree = "<group>"; };
		EF924E2E188D328C0091426C /* harvest-logo-capsule-600px.png */ = {isa = PBXFileReference; lastKnownFileType = image.png; path = "harvest-logo-capsule-600px.png"; sourceTree = "<group>"; };
		EF924E30188D343B0091426C /* JiraSettingsTableViewController.h */ = {isa = PBXFileReference; fileEncoding = 4; lastKnownFileType = sourcecode.c.h; path = JiraSettingsTableViewController.h; sourceTree = "<group>"; };
		EF924E31188D343B0091426C /* JiraSettingsTableViewController.m */ = {isa = PBXFileReference; fileEncoding = 4; lastKnownFileType = sourcecode.c.objc; path = JiraSettingsTableViewController.m; sourceTree = "<group>"; };
		EF9E21EB1884760700A68FD5 /* WorkTimer.app */ = {isa = PBXFileReference; explicitFileType = wrapper.application; includeInIndex = 0; path = WorkTimer.app; sourceTree = BUILT_PRODUCTS_DIR; };
		EF9E21EE1884760700A68FD5 /* UIKit.framework */ = {isa = PBXFileReference; lastKnownFileType = wrapper.framework; name = UIKit.framework; path = System/Library/Frameworks/UIKit.framework; sourceTree = SDKROOT; };
		EF9E21F01884760700A68FD5 /* Foundation.framework */ = {isa = PBXFileReference; lastKnownFileType = wrapper.framework; name = Foundation.framework; path = System/Library/Frameworks/Foundation.framework; sourceTree = SDKROOT; };
		EF9E21F21884760700A68FD5 /* CoreGraphics.framework */ = {isa = PBXFileReference; lastKnownFileType = wrapper.framework; name = CoreGraphics.framework; path = System/Library/Frameworks/CoreGraphics.framework; sourceTree = SDKROOT; };
		EF9E21F61884760700A68FD5 /* WorkTimer-Info.plist */ = {isa = PBXFileReference; lastKnownFileType = text.plist.xml; path = "WorkTimer-Info.plist"; sourceTree = "<group>"; };
		EF9E21F81884760700A68FD5 /* en */ = {isa = PBXFileReference; lastKnownFileType = text.plist.strings; name = en; path = en.lproj/InfoPlist.strings; sourceTree = "<group>"; };
		EF9E21FA1884760700A68FD5 /* main.m */ = {isa = PBXFileReference; lastKnownFileType = sourcecode.c.objc; path = main.m; sourceTree = "<group>"; };
		EF9E21FC1884760700A68FD5 /* WorkTimer-Prefix.pch */ = {isa = PBXFileReference; lastKnownFileType = sourcecode.c.h; path = "WorkTimer-Prefix.pch"; sourceTree = "<group>"; };
		EF9E21FD1884760700A68FD5 /* spaarksAppDelegate.h */ = {isa = PBXFileReference; lastKnownFileType = sourcecode.c.h; path = spaarksAppDelegate.h; sourceTree = "<group>"; };
		EF9E21FE1884760700A68FD5 /* spaarksAppDelegate.m */ = {isa = PBXFileReference; lastKnownFileType = sourcecode.c.objc; path = spaarksAppDelegate.m; sourceTree = "<group>"; };
		EF9E22001884760700A68FD5 /* Default.png */ = {isa = PBXFileReference; lastKnownFileType = image.png; path = Default.png; sourceTree = "<group>"; };
		EF9E22021884760700A68FD5 /* Default@2x.png */ = {isa = PBXFileReference; lastKnownFileType = image.png; path = "Default@2x.png"; sourceTree = "<group>"; };
		EF9E22041884760700A68FD5 /* Default-568h@2x.png */ = {isa = PBXFileReference; lastKnownFileType = image.png; path = "Default-568h@2x.png"; sourceTree = "<group>"; };
		EF9E22071884760700A68FD5 /* en */ = {isa = PBXFileReference; lastKnownFileType = file.storyboard; name = en; path = en.lproj/MainStoryboard_iPhone.storyboard; sourceTree = "<group>"; };
		EF9E220A1884760700A68FD5 /* en */ = {isa = PBXFileReference; lastKnownFileType = file.storyboard; name = en; path = en.lproj/MainStoryboard_iPad.storyboard; sourceTree = "<group>"; };
		EF9E22141884760700A68FD5 /* WorkTimerTests.octest */ = {isa = PBXFileReference; explicitFileType = wrapper.cfbundle; includeInIndex = 0; path = WorkTimerTests.octest; sourceTree = BUILT_PRODUCTS_DIR; };
		EF9E22151884760700A68FD5 /* SenTestingKit.framework */ = {isa = PBXFileReference; lastKnownFileType = wrapper.framework; name = SenTestingKit.framework; path = Library/Frameworks/SenTestingKit.framework; sourceTree = DEVELOPER_DIR; };
		EF9E221D1884760700A68FD5 /* WorkTimerTests-Info.plist */ = {isa = PBXFileReference; lastKnownFileType = text.plist.xml; path = "WorkTimerTests-Info.plist"; sourceTree = "<group>"; };
		EF9E221F1884760700A68FD5 /* en */ = {isa = PBXFileReference; lastKnownFileType = text.plist.strings; name = en; path = en.lproj/InfoPlist.strings; sourceTree = "<group>"; };
		EF9E22211884760700A68FD5 /* HelperTests.h */ = {isa = PBXFileReference; lastKnownFileType = sourcecode.c.h; path = HelperTests.h; sourceTree = "<group>"; };
		EF9E22221884760700A68FD5 /* HelperTests.m */ = {isa = PBXFileReference; lastKnownFileType = sourcecode.c.objc; path = HelperTests.m; sourceTree = "<group>"; };
		EF9E22301884768D00A68FD5 /* JIRATaskParser.h */ = {isa = PBXFileReference; fileEncoding = 4; lastKnownFileType = sourcecode.c.h; lineEnding = 0; path = JIRATaskParser.h; sourceTree = "<group>"; xcLanguageSpecificationIdentifier = xcode.lang.objcpp; };
		EF9E22311884768D00A68FD5 /* JIRATaskParser.m */ = {isa = PBXFileReference; fileEncoding = 4; lastKnownFileType = sourcecode.c.objc; lineEnding = 0; path = JIRATaskParser.m; sourceTree = "<group>"; xcLanguageSpecificationIdentifier = xcode.lang.objc; };
		EF9E22321884768D00A68FD5 /* ProtocolProjectRepository.h */ = {isa = PBXFileReference; fileEncoding = 4; lastKnownFileType = sourcecode.c.h; path = ProtocolProjectRepository.h; sourceTree = "<group>"; };
		EF9E22331884768D00A68FD5 /* TaskParser.h */ = {isa = PBXFileReference; fileEncoding = 4; lastKnownFileType = sourcecode.c.h; path = TaskParser.h; sourceTree = "<group>"; };
		EF9E22341884768D00A68FD5 /* TaskParser.m */ = {isa = PBXFileReference; fileEncoding = 4; lastKnownFileType = sourcecode.c.objc; path = TaskParser.m; sourceTree = "<group>"; };
		EF9E22391884768D00A68FD5 /* WorkTimerTask.h */ = {isa = PBXFileReference; fileEncoding = 4; lastKnownFileType = sourcecode.c.h; path = WorkTimerTask.h; sourceTree = "<group>"; };
		EF9E223A1884768D00A68FD5 /* WorkTimerTask.m */ = {isa = PBXFileReference; fileEncoding = 4; lastKnownFileType = sourcecode.c.objc; path = WorkTimerTask.m; sourceTree = "<group>"; };
		EF9E22491884805400A68FD5 /* ProtocolSettingsRepository.h */ = {isa = PBXFileReference; fileEncoding = 4; lastKnownFileType = sourcecode.c.h; path = ProtocolSettingsRepository.h; sourceTree = "<group>"; };
		EFA9AFF41884829A0091EDB1 /* FakeProjectRepository.h */ = {isa = PBXFileReference; fileEncoding = 4; lastKnownFileType = sourcecode.c.h; path = FakeProjectRepository.h; sourceTree = "<group>"; };
		EFA9AFF51884829A0091EDB1 /* FakeProjectRepository.m */ = {isa = PBXFileReference; fileEncoding = 4; lastKnownFileType = sourcecode.c.objc; path = FakeProjectRepository.m; sourceTree = "<group>"; };
		EFA9AFF818849FF00091EDB1 /* ButtonGridViewController.m */ = {isa = PBXFileReference; fileEncoding = 4; lastKnownFileType = sourcecode.c.objc; path = ButtonGridViewController.m; sourceTree = "<group>"; };
		EFA9AFFA1884A0B00091EDB1 /* ButtonGridCell.h */ = {isa = PBXFileReference; fileEncoding = 4; lastKnownFileType = sourcecode.c.h; path = ButtonGridCell.h; sourceTree = "<group>"; };
		EFA9AFFB1884A0B00091EDB1 /* ButtonGridCell.m */ = {isa = PBXFileReference; fileEncoding = 4; lastKnownFileType = sourcecode.c.objc; path = ButtonGridCell.m; sourceTree = "<group>"; };
		EFAE794818D4C50200C5B553 /* ProtocolIPhoneEditWorkLogButtonClicked.h */ = {isa = PBXFileReference; fileEncoding = 4; lastKnownFileType = sourcecode.c.h; path = ProtocolIPhoneEditWorkLogButtonClicked.h; sourceTree = "<group>"; };
		EFBFF84C18D211F70014725E /* IPhoneEditWorkLogViewController.h */ = {isa = PBXFileReference; fileEncoding = 4; lastKnownFileType = sourcecode.c.h; path = IPhoneEditWorkLogViewController.h; sourceTree = "<group>"; };
		EFBFF84D18D211F70014725E /* IPhoneEditWorkLogViewController.m */ = {isa = PBXFileReference; fileEncoding = 4; lastKnownFileType = sourcecode.c.objc; path = IPhoneEditWorkLogViewController.m; sourceTree = "<group>"; };
		EFC470D118871B0E00FE9C75 /* ClockView.h */ = {isa = PBXFileReference; fileEncoding = 4; lastKnownFileType = sourcecode.c.h; path = ClockView.h; sourceTree = "<group>"; };
		EFC470D218871B0F00FE9C75 /* ClockView.m */ = {isa = PBXFileReference; fileEncoding = 4; lastKnownFileType = sourcecode.c.objc; path = ClockView.m; sourceTree = "<group>"; };
		EFC470D518872F8600FE9C75 /* Helpers.h */ = {isa = PBXFileReference; fileEncoding = 4; lastKnownFileType = sourcecode.c.h; path = Helpers.h; sourceTree = "<group>"; };
		EFC470D618872F8600FE9C75 /* Helpers.m */ = {isa = PBXFileReference; fileEncoding = 4; lastKnownFileType = sourcecode.c.objc; path = Helpers.m; sourceTree = "<group>"; };
		EFC992AD18A97E040028F367 /* WorkTimerTaskTests.m */ = {isa = PBXFileReference; fileEncoding = 4; lastKnownFileType = sourcecode.c.objc; path = WorkTimerTaskTests.m; sourceTree = "<group>"; };
		EFD7339F18D4BA0600A243A5 /* Clock.png */ = {isa = PBXFileReference; lastKnownFileType = image.png; path = Clock.png; sourceTree = "<group>"; };
		EFDC8D68189AB81C00A27D47 /* EditWorkLogViewController.h */ = {isa = PBXFileReference; fileEncoding = 4; lastKnownFileType = sourcecode.c.h; path = EditWorkLogViewController.h; sourceTree = "<group>"; };
		EFDC8D69189AB81C00A27D47 /* EditWorkLogViewController.m */ = {isa = PBXFileReference; fileEncoding = 4; lastKnownFileType = sourcecode.c.objc; path = EditWorkLogViewController.m; sourceTree = "<group>"; };
		EFF6505C18BE93680004D881 /* countries.plist */ = {isa = PBXFileReference; lastKnownFileType = text.plist; path = countries.plist; sourceTree = "<group>"; };
/* End PBXFileReference section */

/* Begin PBXFrameworksBuildPhase section */
		EF9E21E81884760700A68FD5 /* Frameworks */ = {
			isa = PBXFrameworksBuildPhase;
			buildActionMask = 2147483647;
			files = (
				EF871E7F188D906000D54493 /* libsqlite3.dylib in Frameworks */,
				EF9E21EF1884760700A68FD5 /* UIKit.framework in Frameworks */,
				EF9E21F11884760700A68FD5 /* Foundation.framework in Frameworks */,
				EF9E21F31884760700A68FD5 /* CoreGraphics.framework in Frameworks */,
			);
			runOnlyForDeploymentPostprocessing = 0;
		};
		EF9E22101884760700A68FD5 /* Frameworks */ = {
			isa = PBXFrameworksBuildPhase;
			buildActionMask = 2147483647;
			files = (
				EF9E22161884760700A68FD5 /* SenTestingKit.framework in Frameworks */,
				EF9E22171884760700A68FD5 /* UIKit.framework in Frameworks */,
				EF9E22181884760700A68FD5 /* Foundation.framework in Frameworks */,
			);
			runOnlyForDeploymentPostprocessing = 0;
		};
/* End PBXFrameworksBuildPhase section */

/* Begin PBXGroup section */
		EF4FFCFB188FE2A1002A1B01 /* Unit Tests */ = {
			isa = PBXGroup;
			children = (
				EF9E22211884760700A68FD5 /* HelperTests.h */,
				EF9E22221884760700A68FD5 /* HelperTests.m */,
				EF589C67188EE2B500D3E4BA /* SettingsTests.h */,
				EF589C68188EE2B500D3E4BA /* SettingsTests.m */,
				EFC992AD18A97E040028F367 /* WorkTimerTaskTests.m */,
			);
			name = "Unit Tests";
			sourceTree = "<group>";
		};
		EF4FFCFC188FE2A8002A1B01 /* Integration Tests */ = {
			isa = PBXGroup;
			children = (
				EF4FFCFD188FE2EA002A1B01 /* RepositoryTests.h */,
				EF4FFCFE188FE2EA002A1B01 /* RepositoryTests.m */,
			);
			name = "Integration Tests";
			sourceTree = "<group>";
		};
		EF9E21E21884760700A68FD5 = {
			isa = PBXGroup;
			children = (
				EF9E21F41884760700A68FD5 /* WorkTimer */,
				EF9E221B1884760700A68FD5 /* WorkTimerTests */,
				EF9E21ED1884760700A68FD5 /* Frameworks */,
				EF9E21EC1884760700A68FD5 /* Products */,
			);
			sourceTree = "<group>";
		};
		EF9E21EC1884760700A68FD5 /* Products */ = {
			isa = PBXGroup;
			children = (
				EF9E21EB1884760700A68FD5 /* WorkTimer.app */,
				EF9E22141884760700A68FD5 /* WorkTimerTests.octest */,
			);
			name = Products;
			sourceTree = "<group>";
		};
		EF9E21ED1884760700A68FD5 /* Frameworks */ = {
			isa = PBXGroup;
			children = (
				EF871E7E188D906000D54493 /* libsqlite3.dylib */,
				EF9E21EE1884760700A68FD5 /* UIKit.framework */,
				EF9E21F01884760700A68FD5 /* Foundation.framework */,
				EF9E21F21884760700A68FD5 /* CoreGraphics.framework */,
				EF9E22151884760700A68FD5 /* SenTestingKit.framework */,
			);
			name = Frameworks;
			sourceTree = "<group>";
		};
		EF9E21F41884760700A68FD5 /* WorkTimer */ = {
			isa = PBXGroup;
			children = (
				EFC470D418872F6700FE9C75 /* Generic */,
				EF9E22401884770B00A68FD5 /* Models */,
				EF9E222D1884766000A68FD5 /* Domain */,
				EF9E222C1884765400A68FD5 /* Parsers */,
				EFAE794B18D4C51000C5B553 /* Protocols */,
				EFA9AFFA1884A0B00091EDB1 /* ButtonGridCell.h */,
				EFA9AFFB1884A0B00091EDB1 /* ButtonGridCell.m */,
				EF924E28188AD5430091426C /* ButtonGridViewController.h */,
				EFA9AFF818849FF00091EDB1 /* ButtonGridViewController.m */,
				EFC470D118871B0E00FE9C75 /* ClockView.h */,
				EFC470D218871B0F00FE9C75 /* ClockView.m */,
				EFDC8D68189AB81C00A27D47 /* EditWorkLogViewController.h */,
				EFDC8D69189AB81C00A27D47 /* EditWorkLogViewController.m */,
				EFBFF84C18D211F70014725E /* IPhoneEditWorkLogViewController.h */,
				EFBFF84D18D211F70014725E /* IPhoneEditWorkLogViewController.m */,
				EF924E30188D343B0091426C /* JiraSettingsTableViewController.h */,
				EF924E31188D343B0091426C /* JiraSettingsTableViewController.m */,
				EF9E21FD1884760700A68FD5 /* spaarksAppDelegate.h */,
				EF9E21FE1884760700A68FD5 /* spaarksAppDelegate.m */,
				EF9E22061884760700A68FD5 /* MainStoryboard_iPhone.storyboard */,
				EF9E22091884760700A68FD5 /* MainStoryboard_iPad.storyboard */,
				EF186FD218C4EF0A00224917 /* TaskTimerViewController.h */,
				EF186FD318C4EF0A00224917 /* TaskTimerViewController.m */,
				EF186FCF18C4DDCE00224917 /* TimerTasksTableViewController.h */,
				EF186FD018C4DDCF00224917 /* TimerTasksTableViewController.m */,
				EF9E21F51884760700A68FD5 /* Supporting Files */,
			);
			path = WorkTimer;
			sourceTree = "<group>";
		};
		EF9E21F51884760700A68FD5 /* Supporting Files */ = {
			isa = PBXGroup;
			children = (
				EFD7339F18D4BA0600A243A5 /* Clock.png */,
				EFF6505C18BE93680004D881 /* countries.plist */,
				EF4FFD0518903522002A1B01 /* stop-icon.png */,
				EF4FFD0318903509002A1B01 /* play-icon.png */,
				EF589C6A188F0D6700D3E4BA /* Warning.ico */,
				EF924E2E188D328C0091426C /* harvest-logo-capsule-600px.png */,
				EF924E2C188D30670091426C /* logoJIRA.png */,
				EF9E21F61884760700A68FD5 /* WorkTimer-Info.plist */,
				EF9E21F71884760700A68FD5 /* InfoPlist.strings */,
				EF9E21FA1884760700A68FD5 /* main.m */,
				EF9E21FC1884760700A68FD5 /* WorkTimer-Prefix.pch */,
				EF9E22001884760700A68FD5 /* Default.png */,
				EF9E22021884760700A68FD5 /* Default@2x.png */,
				EF9E22041884760700A68FD5 /* Default-568h@2x.png */,
			);
			name = "Supporting Files";
			sourceTree = "<group>";
		};
		EF9E221B1884760700A68FD5 /* WorkTimerTests */ = {
			isa = PBXGroup;
			children = (
				EF4FFCFC188FE2A8002A1B01 /* Integration Tests */,
				EF4FFCFB188FE2A1002A1B01 /* Unit Tests */,
				EF9E221C1884760700A68FD5 /* Supporting Files */,
			);
			path = WorkTimerTests;
			sourceTree = "<group>";
		};
		EF9E221C1884760700A68FD5 /* Supporting Files */ = {
			isa = PBXGroup;
			children = (
				EF9E221D1884760700A68FD5 /* WorkTimerTests-Info.plist */,
				EF9E221E1884760700A68FD5 /* InfoPlist.strings */,
			);
			name = "Supporting Files";
			sourceTree = "<group>";
		};
		EF9E222C1884765400A68FD5 /* Parsers */ = {
			isa = PBXGroup;
			children = (
				EFC0EED41892D4B700ECFC71 /* Concrete */,
				EFC0EED31892D4A500ECFC71 /* Abstract */,
			);
			name = Parsers;
			sourceTree = "<group>";
		};
		EF9E222D1884766000A68FD5 /* Domain */ = {
			isa = PBXGroup;
			children = (
				EF9E224518847FEC00A68FD5 /* Fake */,
				EF9E222F1884767000A68FD5 /* Concrete */,
				EF9E222E1884766900A68FD5 /* Abstract */,
			);
			name = Domain;
			sourceTree = "<group>";
		};
		EF9E222E1884766900A68FD5 /* Abstract */ = {
			isa = PBXGroup;
			children = (
				EF9E22491884805400A68FD5 /* ProtocolSettingsRepository.h */,
				EF9E22321884768D00A68FD5 /* ProtocolProjectRepository.h */,
			);
			name = Abstract;
			sourceTree = "<group>";
		};
		EF9E222F1884767000A68FD5 /* Concrete */ = {
			isa = PBXGroup;
			children = (
				EF871E78188D8B9500D54493 /* Repository.h */,
				EF871E79188D8B9500D54493 /* Repository.m */,
			);
			name = Concrete;
			sourceTree = "<group>";
		};
		EF9E22401884770B00A68FD5 /* Models */ = {
			isa = PBXGroup;
			children = (
				EF9E22391884768D00A68FD5 /* WorkTimerTask.h */,
				EF9E223A1884768D00A68FD5 /* WorkTimerTask.m */,
				EF871E7B188D8D2200D54493 /* Settings.h */,
				EF871E7C188D8D2200D54493 /* Settings.m */,
			);
			name = Models;
			sourceTree = "<group>";
		};
		EF9E224518847FEC00A68FD5 /* Fake */ = {
			isa = PBXGroup;
			children = (
				EFA9AFF41884829A0091EDB1 /* FakeProjectRepository.h */,
				EFA9AFF51884829A0091EDB1 /* FakeProjectRepository.m */,
			);
			name = Fake;
			sourceTree = "<group>";
		};
		EFAE794B18D4C51000C5B553 /* Protocols */ = {
			isa = PBXGroup;
			children = (
				EF21E3D51891810500A81347 /* ProtocolButtonClickedInCellDelegate.h */,
				EF5C0450189D50FB006D8084 /* ProtocolEditWorkLogButtonClicked.h */,
				EFAE794818D4C50200C5B553 /* ProtocolIPhoneEditWorkLogButtonClicked.h */,
			);
			name = Protocols;
			sourceTree = "<group>";
		};
		EFC0EED31892D4A500ECFC71 /* Abstract */ = {
			isa = PBXGroup;
			children = (
				EF4FFD0018902F45002A1B01 /* ProtocolTaskParserDelegate.h */,
			);
			name = Abstract;
			sourceTree = "<group>";
		};
		EFC0EED41892D4B700ECFC71 /* Concrete */ = {
			isa = PBXGroup;
			children = (
				EF9E22301884768D00A68FD5 /* JIRATaskParser.h */,
				EF9E22311884768D00A68FD5 /* JIRATaskParser.m */,
				EF9E22331884768D00A68FD5 /* TaskParser.h */,
				EF9E22341884768D00A68FD5 /* TaskParser.m */,
			);
			name = Concrete;
			sourceTree = "<group>";
		};
		EFC470D418872F6700FE9C75 /* Generic */ = {
			isa = PBXGroup;
			children = (
				EFC470D518872F8600FE9C75 /* Helpers.h */,
				EFC470D618872F8600FE9C75 /* Helpers.m */,
			);
			name = Generic;
			sourceTree = "<group>";
		};
/* End PBXGroup section */

/* Begin PBXNativeTarget section */
		EF9E21EA1884760700A68FD5 /* WorkTimer */ = {
			isa = PBXNativeTarget;
			buildConfigurationList = EF9E22261884760700A68FD5 /* Build configuration list for PBXNativeTarget "WorkTimer" */;
			buildPhases = (
				EF9E21E71884760700A68FD5 /* Sources */,
				EF9E21E81884760700A68FD5 /* Frameworks */,
				EF9E21E91884760700A68FD5 /* Resources */,
			);
			buildRules = (
			);
			dependencies = (
			);
			name = WorkTimer;
			productName = WorkTimer;
			productReference = EF9E21EB1884760700A68FD5 /* WorkTimer.app */;
			productType = "com.apple.product-type.application";
		};
		EF9E22131884760700A68FD5 /* WorkTimerTests */ = {
			isa = PBXNativeTarget;
			buildConfigurationList = EF9E22291884760700A68FD5 /* Build configuration list for PBXNativeTarget "WorkTimerTests" */;
			buildPhases = (
				EF9E220F1884760700A68FD5 /* Sources */,
				EF9E22101884760700A68FD5 /* Frameworks */,
				EF9E22111884760700A68FD5 /* Resources */,
				EF9E22121884760700A68FD5 /* ShellScript */,
			);
			buildRules = (
			);
			dependencies = (
				EF9E221A1884760700A68FD5 /* PBXTargetDependency */,
			);
			name = WorkTimerTests;
			productName = WorkTimerTests;
			productReference = EF9E22141884760700A68FD5 /* WorkTimerTests.octest */;
			productType = "com.apple.product-type.bundle";
		};
/* End PBXNativeTarget section */

/* Begin PBXProject section */
		EF9E21E31884760700A68FD5 /* Project object */ = {
			isa = PBXProject;
			attributes = {
				CLASSPREFIX = spaarks;
				LastTestingUpgradeCheck = 0510;
				LastUpgradeCheck = 0460;
				ORGANIZATIONNAME = "martin steel";
			};
			buildConfigurationList = EF9E21E61884760700A68FD5 /* Build configuration list for PBXProject "WorkTimer" */;
			compatibilityVersion = "Xcode 3.2";
			developmentRegion = English;
			hasScannedForEncodings = 0;
			knownRegions = (
				en,
			);
			mainGroup = EF9E21E21884760700A68FD5;
			productRefGroup = EF9E21EC1884760700A68FD5 /* Products */;
			projectDirPath = "";
			projectRoot = "";
			targets = (
				EF9E21EA1884760700A68FD5 /* WorkTimer */,
				EF9E22131884760700A68FD5 /* WorkTimerTests */,
			);
		};
/* End PBXProject section */

/* Begin PBXResourcesBuildPhase section */
		EF9E21E91884760700A68FD5 /* Resources */ = {
			isa = PBXResourcesBuildPhase;
			buildActionMask = 2147483647;
			files = (
				EF9E21F91884760700A68FD5 /* InfoPlist.strings in Resources */,
				EF924E2F188D328C0091426C /* harvest-logo-capsule-600px.png in Resources */,
				EF4FFD0418903509002A1B01 /* play-icon.png in Resources */,
				EFD733A018D4BA0600A243A5 /* Clock.png in Resources */,
				EF924E2D188D30670091426C /* logoJIRA.png in Resources */,
				EF9E22011884760700A68FD5 /* Default.png in Resources */,
				EFF6505D18BE93680004D881 /* countries.plist in Resources */,
				EF9E22031884760700A68FD5 /* Default@2x.png in Resources */,
				EF9E22051884760700A68FD5 /* Default-568h@2x.png in Resources */,
				EF4FFD0618903522002A1B01 /* stop-icon.png in Resources */,
				EF9E22081884760700A68FD5 /* MainStoryboard_iPhone.storyboard in Resources */,
				EF9E220B1884760700A68FD5 /* MainStoryboard_iPad.storyboard in Resources */,
				EF589C6B188F0D6700D3E4BA /* Warning.ico in Resources */,
			);
			runOnlyForDeploymentPostprocessing = 0;
		};
		EF9E22111884760700A68FD5 /* Resources */ = {
			isa = PBXResourcesBuildPhase;
			buildActionMask = 2147483647;
			files = (
				EF9E22201884760700A68FD5 /* InfoPlist.strings in Resources */,
			);
			runOnlyForDeploymentPostprocessing = 0;
		};
/* End PBXResourcesBuildPhase section */

/* Begin PBXShellScriptBuildPhase section */
		EF9E22121884760700A68FD5 /* ShellScript */ = {
			isa = PBXShellScriptBuildPhase;
			buildActionMask = 2147483647;
			files = (
			);
			inputPaths = (
			);
			outputPaths = (
			);
			runOnlyForDeploymentPostprocessing = 0;
			shellPath = /bin/sh;
			shellScript = "# Run the unit tests in this test bundle.\n\"${SYSTEM_DEVELOPER_DIR}/Tools/RunUnitTests\"\n";
		};
/* End PBXShellScriptBuildPhase section */

/* Begin PBXSourcesBuildPhase section */
		EF9E21E71884760700A68FD5 /* Sources */ = {
			isa = PBXSourcesBuildPhase;
			buildActionMask = 2147483647;
			files = (
				EF9E21FB1884760700A68FD5 /* main.m in Sources */,
				EF871E7A188D8B9500D54493 /* Repository.m in Sources */,
				EF924E32188D343B0091426C /* JiraSettingsTableViewController.m in Sources */,
				EFBFF84E18D211F80014725E /* IPhoneEditWorkLogViewController.m in Sources */,
				EF9E21FF1884760700A68FD5 /* spaarksAppDelegate.m in Sources */,
				EF9E223B1884768D00A68FD5 /* JIRATaskParser.m in Sources */,
				EF871E7D188D8D2200D54493 /* Settings.m in Sources */,
				EF9E223C1884768D00A68FD5 /* TaskParser.m in Sources */,
				EF186FD418C4EF0A00224917 /* TaskTimerViewController.m in Sources */,
				EF186FD118C4DDCF00224917 /* TimerTasksTableViewController.m in Sources */,
				EF9E223F1884768D00A68FD5 /* WorkTimerTask.m in Sources */,
				EFDC8D6A189AB81C00A27D47 /* EditWorkLogViewController.m in Sources */,
				EFA9AFF61884829A0091EDB1 /* FakeProjectRepository.m in Sources */,
				EFA9AFF918849FF00091EDB1 /* ButtonGridViewController.m in Sources */,
				EFA9AFFC1884A0B00091EDB1 /* ButtonGridCell.m in Sources */,
				EFC470D318871B0F00FE9C75 /* ClockView.m in Sources */,
				EFC470D718872F8600FE9C75 /* Helpers.m in Sources */,
			);
			runOnlyForDeploymentPostprocessing = 0;
		};
		EF9E220F1884760700A68FD5 /* Sources */ = {
			isa = PBXSourcesBuildPhase;
			buildActionMask = 2147483647;
			files = (
				EF589C69188EE2B500D3E4BA /* SettingsTests.m in Sources */,
				EF4FFCFF188FE2EA002A1B01 /* RepositoryTests.m in Sources */,
				EFC992AE18A97E040028F367 /* WorkTimerTaskTests.m in Sources */,
				EF9E22231884760700A68FD5 /* HelperTests.m in Sources */,
			);
			runOnlyForDeploymentPostprocessing = 0;
		};
/* End PBXSourcesBuildPhase section */

/* Begin PBXTargetDependency section */
		EF9E221A1884760700A68FD5 /* PBXTargetDependency */ = {
			isa = PBXTargetDependency;
			target = EF9E21EA1884760700A68FD5 /* WorkTimer */;
			targetProxy = EF9E22191884760700A68FD5 /* PBXContainerItemProxy */;
		};
/* End PBXTargetDependency section */

/* Begin PBXVariantGroup section */
		EF9E21F71884760700A68FD5 /* InfoPlist.strings */ = {
			isa = PBXVariantGroup;
			children = (
				EF9E21F81884760700A68FD5 /* en */,
			);
			name = InfoPlist.strings;
			sourceTree = "<group>";
		};
		EF9E22061884760700A68FD5 /* MainStoryboard_iPhone.storyboard */ = {
			isa = PBXVariantGroup;
			children = (
				EF9E22071884760700A68FD5 /* en */,
			);
			name = MainStoryboard_iPhone.storyboard;
			sourceTree = "<group>";
		};
		EF9E22091884760700A68FD5 /* MainStoryboard_iPad.storyboard */ = {
			isa = PBXVariantGroup;
			children = (
				EF9E220A1884760700A68FD5 /* en */,
			);
			name = MainStoryboard_iPad.storyboard;
			sourceTree = "<group>";
		};
		EF9E221E1884760700A68FD5 /* InfoPlist.strings */ = {
			isa = PBXVariantGroup;
			children = (
				EF9E221F1884760700A68FD5 /* en */,
			);
			name = InfoPlist.strings;
			sourceTree = "<group>";
		};
/* End PBXVariantGroup section */

/* Begin XCBuildConfiguration section */
		EF9E22241884760700A68FD5 /* Debug */ = {
			isa = XCBuildConfiguration;
			buildSettings = {
				ALWAYS_SEARCH_USER_PATHS = NO;
				CLANG_CXX_LANGUAGE_STANDARD = "gnu++0x";
				CLANG_CXX_LIBRARY = "libc++";
				CLANG_ENABLE_OBJC_ARC = YES;
				CLANG_WARN_CONSTANT_CONVERSION = YES;
				CLANG_WARN_EMPTY_BODY = YES;
				CLANG_WARN_ENUM_CONVERSION = YES;
				CLANG_WARN_INT_CONVERSION = YES;
				CLANG_WARN__DUPLICATE_METHOD_MATCH = YES;
				"CODE_SIGN_IDENTITY[sdk=iphoneos*]" = "iPhone Developer";
				COPY_PHASE_STRIP = NO;
				GCC_C_LANGUAGE_STANDARD = gnu99;
				GCC_DYNAMIC_NO_PIC = NO;
				GCC_OPTIMIZATION_LEVEL = 0;
				GCC_PREPROCESSOR_DEFINITIONS = (
					"DEBUG=1",
					"$(inherited)",
				);
				GCC_SYMBOLS_PRIVATE_EXTERN = NO;
				GCC_WARN_ABOUT_RETURN_TYPE = YES;
				GCC_WARN_UNINITIALIZED_AUTOS = YES;
				GCC_WARN_UNUSED_VARIABLE = YES;
				IPHONEOS_DEPLOYMENT_TARGET = 7.1;
				ONLY_ACTIVE_ARCH = YES;
				SDKROOT = iphoneos;
				TARGETED_DEVICE_FAMILY = "1,2";
			};
			name = Debug;
		};
		EF9E22251884760700A68FD5 /* Release */ = {
			isa = XCBuildConfiguration;
			buildSettings = {
				ALWAYS_SEARCH_USER_PATHS = NO;
				CLANG_CXX_LANGUAGE_STANDARD = "gnu++0x";
				CLANG_CXX_LIBRARY = "libc++";
				CLANG_ENABLE_OBJC_ARC = YES;
				CLANG_WARN_CONSTANT_CONVERSION = YES;
				CLANG_WARN_EMPTY_BODY = YES;
				CLANG_WARN_ENUM_CONVERSION = YES;
				CLANG_WARN_INT_CONVERSION = YES;
				CLANG_WARN__DUPLICATE_METHOD_MATCH = YES;
				"CODE_SIGN_IDENTITY[sdk=iphoneos*]" = "iPhone Developer";
				COPY_PHASE_STRIP = YES;
				GCC_C_LANGUAGE_STANDARD = gnu99;
				GCC_WARN_ABOUT_RETURN_TYPE = YES;
				GCC_WARN_UNINITIALIZED_AUTOS = YES;
				GCC_WARN_UNUSED_VARIABLE = YES;
				IPHONEOS_DEPLOYMENT_TARGET = 7.1;
				OTHER_CFLAGS = "-DNS_BLOCK_ASSERTIONS=1";
				SDKROOT = iphoneos;
				TARGETED_DEVICE_FAMILY = "1,2";
				VALIDATE_PRODUCT = YES;
			};
			name = Release;
		};
		EF9E22271884760700A68FD5 /* Debug */ = {
			isa = XCBuildConfiguration;
			buildSettings = {
				GCC_PRECOMPILE_PREFIX_HEADER = YES;
				GCC_PREFIX_HEADER = "WorkTimer/WorkTimer-Prefix.pch";
				INFOPLIST_FILE = "WorkTimer/WorkTimer-Info.plist";
				IPHONEOS_DEPLOYMENT_TARGET = 7.1;
				PRODUCT_NAME = "$(TARGET_NAME)";
				WRAPPER_EXTENSION = app;
			};
			name = Debug;
		};
		EF9E22281884760700A68FD5 /* Release */ = {
			isa = XCBuildConfiguration;
			buildSettings = {
				GCC_PRECOMPILE_PREFIX_HEADER = YES;
				GCC_PREFIX_HEADER = "WorkTimer/WorkTimer-Prefix.pch";
				INFOPLIST_FILE = "WorkTimer/WorkTimer-Info.plist";
				IPHONEOS_DEPLOYMENT_TARGET = 7.1;
				PRODUCT_NAME = "$(TARGET_NAME)";
				WRAPPER_EXTENSION = app;
			};
			name = Release;
		};
		EF9E222A1884760700A68FD5 /* Debug */ = {
			isa = XCBuildConfiguration;
			buildSettings = {
				BUNDLE_LOADER = "$(BUILT_PRODUCTS_DIR)/WorkTimer.app/WorkTimer";
				FRAMEWORK_SEARCH_PATHS = (
					"\"$(SDKROOT)/Developer/Library/Frameworks\"",
					"\"$(DEVELOPER_LIBRARY_DIR)/Frameworks\"",
				);
				GCC_PRECOMPILE_PREFIX_HEADER = YES;
				GCC_PREFIX_HEADER = "WorkTimer/WorkTimer-Prefix.pch";
				INFOPLIST_FILE = "WorkTimerTests/WorkTimerTests-Info.plist";
				PRODUCT_NAME = "$(TARGET_NAME)";
				TEST_HOST = "$(BUNDLE_LOADER)";
				WRAPPER_EXTENSION = octest;
			};
			name = Debug;
		};
		EF9E222B1884760700A68FD5 /* Release */ = {
			isa = XCBuildConfiguration;
			buildSettings = {
				BUNDLE_LOADER = "$(BUILT_PRODUCTS_DIR)/WorkTimer.app/WorkTimer";
				FRAMEWORK_SEARCH_PATHS = (
					"\"$(SDKROOT)/Developer/Library/Frameworks\"",
					"\"$(DEVELOPER_LIBRARY_DIR)/Frameworks\"",
				);
				GCC_PRECOMPILE_PREFIX_HEADER = YES;
				GCC_PREFIX_HEADER = "WorkTimer/WorkTimer-Prefix.pch";
				INFOPLIST_FILE = "WorkTimerTests/WorkTimerTests-Info.plist";
				PRODUCT_NAME = "$(TARGET_NAME)";
				TEST_HOST = "$(BUNDLE_LOADER)";
				WRAPPER_EXTENSION = octest;
			};
			name = Release;
		};
/* End XCBuildConfiguration section */

/* Begin XCConfigurationList section */
		EF9E21E61884760700A68FD5 /* Build configuration list for PBXProject "WorkTimer" */ = {
			isa = XCConfigurationList;
			buildConfigurations = (
				EF9E22241884760700A68FD5 /* Debug */,
				EF9E22251884760700A68FD5 /* Release */,
			);
			defaultConfigurationIsVisible = 0;
			defaultConfigurationName = Release;
		};
		EF9E22261884760700A68FD5 /* Build configuration list for PBXNativeTarget "WorkTimer" */ = {
			isa = XCConfigurationList;
			buildConfigurations = (
				EF9E22271884760700A68FD5 /* Debug */,
				EF9E22281884760700A68FD5 /* Release */,
			);
			defaultConfigurationIsVisible = 0;
			defaultConfigurationName = Release;
		};
		EF9E22291884760700A68FD5 /* Build configuration list for PBXNativeTarget "WorkTimerTests" */ = {
			isa = XCConfigurationList;
			buildConfigurations = (
				EF9E222A1884760700A68FD5 /* Debug */,
				EF9E222B1884760700A68FD5 /* Release */,
			);
			defaultConfigurationIsVisible = 0;
			defaultConfigurationName = Release;
		};
/* End XCConfigurationList section */
	};
	rootObject = EF9E21E31884760700A68FD5 /* Project object */;
}
